
Microsoft Visual Studio Solution File, Format Version 12.00
# Visual Studio 15
VisualStudioVersion = 15.0.26430.16
MinimumVisualStudioVersion = 10.0.40219.1
Project("{2150E333-8FDC-42A3-9474-1A3956D46DE8}") = "BLL", "BLL", "{1245953D-F328-46F0-B2B2-712E0459C886}"
EndProject
Project("{2150E333-8FDC-42A3-9474-1A3956D46DE8}") = "Frame", "Frame", "{BA258670-87AB-42CC-BEC5-B3759A60BA94}"
EndProject
Project("{2150E333-8FDC-42A3-9474-1A3956D46DE8}") = "UI", "UI", "{04D7E926-755E-4C70-BDC7-75BABC51BAAC}"
EndProject
Project("{2150E333-8FDC-42A3-9474-1A3956D46DE8}") = "Models", "Models", "{B5AB5B52-FF56-493E-BC55-BCEDCE3387B0}"
EndProject
Project("{FAE04EC0-301F-11D3-BF4B-00C04F79EFBC}") = "EFM_Models", "EFM_Models\EFM_Models.csproj", "{E59AD960-3CA1-4B57-A6DD-83EDB20931D4}"
EndProject
Project("{FAE04EC0-301F-11D3-BF4B-00C04F79EFBC}") = "EFM_BLL", "EFM_BLL\EFM_BLL.csproj", "{C1A85628-7285-44E5-972C-0EE891DD58F8}"
EndProject
Project("{2150E333-8FDC-42A3-9474-1A3956D46DE8}") = "DAL", "DAL", "{4D528F79-90B8-4A51-B2C7-5B2DE842FAC5}"
EndProject
Project("{FAE04EC0-301F-11D3-BF4B-00C04F79EFBC}") = "EFM_DAL", "EFM_DAL\EFM_DAL.csproj", "{771CE6DC-BC8C-4048-ABEE-6EEDA0F3CD0C}"
EndProject
Project("{FAE04EC0-301F-11D3-BF4B-00C04F79EFBC}") = "EFM_UI", "EFM_UI\EFM_UI.csproj", "{A14118E6-C29A-4C8E-B120-3CE11409995A}"
EndProject
Project("{FAE04EC0-301F-11D3-BF4B-00C04F79EFBC}") = "EFM_Frm", "EFM_Frm\EFM_Frm.csproj", "{02AF1EFD-EB70-4DC4-B122-42B439D86213}"
EndProject
Project("{FAE04EC0-301F-11D3-BF4B-00C04F79EFBC}") = "EFM_Web", "EFM_Web\EFM_Web.csproj", "{1A819FE4-5ED5-4C60-B8CF-C7B2336F8F35}"
EndProject
Project("{FAE04EC0-301F-11D3-BF4B-00C04F79EFBC}") = "EFM_ViewModels", "EFM_ViewModels\EFM_ViewModels.csproj", "{8665BFED-FD6C-494B-88F3-ECAB652F49EB}"
EndProject
Project("{2150E333-8FDC-42A3-9474-1A3956D46DE8}") = "DB", "DB", "{695B67CF-9D7A-4D2A-BA4F-94630189ADDF}"
EndProject
Project("{00D1A9C2-B5F0-4AF3-8072-F6C62B433612}") = "EFM_DB", "EFM_DB\EFM_DB.sqlproj", "{7926734F-C330-4A13-AC39-354DC3D2C330}"
EndProject
Global
	GlobalSection(SolutionConfigurationPlatforms) = preSolution
		Debug|Any CPU = Debug|Any CPU
		Release|Any CPU = Release|Any CPU
	EndGlobalSection
	GlobalSection(ProjectConfigurationPlatforms) = postSolution
		{E59AD960-3CA1-4B57-A6DD-83EDB20931D4}.Debug|Any CPU.ActiveCfg = Debug|Any CPU
		{E59AD960-3CA1-4B57-A6DD-83EDB20931D4}.Debug|Any CPU.Build.0 = Debug|Any CPU
		{E59AD960-3CA1-4B57-A6DD-83EDB20931D4}.Release|Any CPU.ActiveCfg = Release|Any CPU
		{E59AD960-3CA1-4B57-A6DD-83EDB20931D4}.Release|Any CPU.Build.0 = Release|Any CPU
		{C1A85628-7285-44E5-972C-0EE891DD58F8}.Debug|Any CPU.ActiveCfg = Debug|Any CPU
		{C1A85628-7285-44E5-972C-0EE891DD58F8}.Debug|Any CPU.Build.0 = Debug|Any CPU
		{C1A85628-7285-44E5-972C-0EE891DD58F8}.Release|Any CPU.ActiveCfg = Release|Any CPU
		{C1A85628-7285-44E5-972C-0EE891DD58F8}.Release|Any CPU.Build.0 = Release|Any CPU
		{771CE6DC-BC8C-4048-ABEE-6EEDA0F3CD0C}.Debug|Any CPU.ActiveCfg = Debug|Any CPU
		{771CE6DC-BC8C-4048-ABEE-6EEDA0F3CD0C}.Debug|Any CPU.Build.0 = Debug|Any CPU
		{771CE6DC-BC8C-4048-ABEE-6EEDA0F3CD0C}.Release|Any CPU.ActiveCfg = Release|Any CPU
		{771CE6DC-BC8C-4048-ABEE-6EEDA0F3CD0C}.Release|Any CPU.Build.0 = Release|Any CPU
		{A14118E6-C29A-4C8E-B120-3CE11409995A}.Debug|Any CPU.ActiveCfg = Debug|Any CPU
		{A14118E6-C29A-4C8E-B120-3CE11409995A}.Debug|Any CPU.Build.0 = Debug|Any CPU
		{A14118E6-C29A-4C8E-B120-3CE11409995A}.Release|Any CPU.ActiveCfg = Release|Any CPU
		{A14118E6-C29A-4C8E-B120-3CE11409995A}.Release|Any CPU.Build.0 = Release|Any CPU
		{02AF1EFD-EB70-4DC4-B122-42B439D86213}.Debug|Any CPU.ActiveCfg = Debug|Any CPU
		{02AF1EFD-EB70-4DC4-B122-42B439D86213}.Debug|Any CPU.Build.0 = Debug|Any CPU
		{02AF1EFD-EB70-4DC4-B122-42B439D86213}.Release|Any CPU.ActiveCfg = Release|Any CPU
		{02AF1EFD-EB70-4DC4-B122-42B439D86213}.Release|Any CPU.Build.0 = Release|Any CPU
		{1A819FE4-5ED5-4C60-B8CF-C7B2336F8F35}.Debug|Any CPU.ActiveCfg = Debug|Any CPU
		{1A819FE4-5ED5-4C60-B8CF-C7B2336F8F35}.Debug|Any CPU.Build.0 = Debug|Any CPU
		{1A819FE4-5ED5-4C60-B8CF-C7B2336F8F35}.Release|Any CPU.ActiveCfg = Release|Any CPU
		{1A819FE4-5ED5-4C60-B8CF-C7B2336F8F35}.Release|Any CPU.Build.0 = Release|Any CPU
		{8665BFED-FD6C-494B-88F3-ECAB652F49EB}.Debug|Any CPU.ActiveCfg = Debug|Any CPU
		{8665BFED-FD6C-494B-88F3-ECAB652F49EB}.Debug|Any CPU.Build.0 = Debug|Any CPU
		{8665BFED-FD6C-494B-88F3-ECAB652F49EB}.Release|Any CPU.ActiveCfg = Release|Any CPU
		{8665BFED-FD6C-494B-88F3-ECAB652F49EB}.Release|Any CPU.Build.0 = Release|Any CPU
		{7926734F-C330-4A13-AC39-354DC3D2C330}.Debug|Any CPU.ActiveCfg = Debug|Any CPU
		{7926734F-C330-4A13-AC39-354DC3D2C330}.Debug|Any CPU.Build.0 = Debug|Any CPU
		{7926734F-C330-4A13-AC39-354DC3D2C330}.Debug|Any CPU.Deploy.0 = Debug|Any CPU
		{7926734F-C330-4A13-AC39-354DC3D2C330}.Release|Any CPU.ActiveCfg = Release|Any CPU
		{7926734F-C330-4A13-AC39-354DC3D2C330}.Release|Any CPU.Build.0 = Release|Any CPU
		{7926734F-C330-4A13-AC39-354DC3D2C330}.Release|Any CPU.Deploy.0 = Release|Any CPU
	EndGlobalSection
	GlobalSection(SolutionProperties) = preSolution
		HideSolutionNode = FALSE
	EndGlobalSection
	GlobalSection(NestedProjects) = preSolution
		{E59AD960-3CA1-4B57-A6DD-83EDB20931D4} = {B5AB5B52-FF56-493E-BC55-BCEDCE3387B0}
		{C1A85628-7285-44E5-972C-0EE891DD58F8} = {1245953D-F328-46F0-B2B2-712E0459C886}
		{771CE6DC-BC8C-4048-ABEE-6EEDA0F3CD0C} = {4D528F79-90B8-4A51-B2C7-5B2DE842FAC5}
		{A14118E6-C29A-4C8E-B120-3CE11409995A} = {04D7E926-755E-4C70-BDC7-75BABC51BAAC}
		{02AF1EFD-EB70-4DC4-B122-42B439D86213} = {BA258670-87AB-42CC-BEC5-B3759A60BA94}
		{1A819FE4-5ED5-4C60-B8CF-C7B2336F8F35} = {BA258670-87AB-42CC-BEC5-B3759A60BA94}
		{8665BFED-FD6C-494B-88F3-ECAB652F49EB} = {B5AB5B52-FF56-493E-BC55-BCEDCE3387B0}
		{7926734F-C330-4A13-AC39-354DC3D2C330} = {695B67CF-9D7A-4D2A-BA4F-94630189ADDF}
	EndGlobalSection
EndGlobal
